Microsoft Visual Studio Solution File, Format Version 11.00
# Visual Studio 2008

Project("{6491EC0B-242B-BF0A-8234-E22EB60F8F47}") = "TestRunner", "Assembly-CSharp-firstpass.csproj", "{759C6EBC-D0A0-4C45-A953-C836609F022C}"
EndProject
Project("{6491EC0B-242B-BF0A-8234-E22EB60F8F47}") = "TestRunner", "Assembly-CSharp.csproj", "{5F63D54B-9CF0-FB10-DCC5-54AF9124C51D}"
EndProject
Project("{6491EC0B-242B-BF0A-8234-E22EB60F8F47}") = "TestRunner", "Assembly-CSharp-Editor.csproj", "{F7737F3F-3379-1499-713D-BE73D6663F80}"
EndProject
Global
	GlobalSection(SolutionConfigurationPlatforms) = preSolution
		Debug|Any CPU = Debug|Any CPU
		Release|Any CPU = Release|Any CPU
	EndGlobalSection
	GlobalSection(ProjectConfigurationPlatforms) = postSolution
		{759C6EBC-D0A0-4C45-A953-C836609F022C}.Debug|Any CPU.ActiveCfg = Debug|Any CPU
		{759C6EBC-D0A0-4C45-A953-C836609F022C}.Debug|Any CPU.Build.0 = Debug|Any CPU
		{759C6EBC-D0A0-4C45-A953-C836609F022C}.Release|Any CPU.ActiveCfg = Release|Any CPU
		{759C6EBC-D0A0-4C45-A953-C836609F022C}.Release|Any CPU.Build.0 = Release|Any CPU
		{5F63D54B-9CF0-FB10-DCC5-54AF9124C51D}.Debug|Any CPU.ActiveCfg = Debug|Any CPU
		{5F63D54B-9CF0-FB10-DCC5-54AF9124C51D}.Debug|Any CPU.Build.0 = Debug|Any CPU
		{5F63D54B-9CF0-FB10-DCC5-54AF9124C51D}.Release|Any CPU.ActiveCfg = Release|Any CPU
		{5F63D54B-9CF0-FB10-DCC5-54AF9124C51D}.Release|Any CPU.Build.0 = Release|Any CPU
		{F7737F3F-3379-1499-713D-BE73D6663F80}.Debug|Any CPU.ActiveCfg = Debug|Any CPU
		{F7737F3F-3379-1499-713D-BE73D6663F80}.Debug|Any CPU.Build.0 = Debug|Any CPU
		{F7737F3F-3379-1499-713D-BE73D6663F80}.Release|Any CPU.ActiveCfg = Release|Any CPU
		{F7737F3F-3379-1499-713D-BE73D6663F80}.Release|Any CPU.Build.0 = Release|Any CPU
	EndGlobalSection
	GlobalSection(SolutionProperties) = preSolution
		HideSolutionNode = FALSE
	EndGlobalSection
	GlobalSection(MonoDevelopProperties) = preSolution
		StartupItem = Assembly-CSharp.csproj
	EndGlobalSection
EndGlobal
